
Microsoft Visual Studio Solution File, Format Version 12.00
# Visual Studio Version 17
VisualStudioVersion = 17.9.34728.123
MinimumVisualStudioVersion = 10.0.40219.1
Project("{9A19103F-16F7-4668-BE54-9A1E7A4F7556}") = "Api", "SensorManager\Api\Api.csproj", "{EC3EF34F-C899-4D14-915B-918241E6C748}"
EndProject
Project("{9A19103F-16F7-4668-BE54-9A1E7A4F7556}") = "Domain", "SensorManager\Domain\Domain.csproj", "{B9430887-2216-4FC6-97D0-276BC1AE759E}"
EndProject
Project("{9A19103F-16F7-4668-BE54-9A1E7A4F7556}") = "Infrastructure", "SensorManager\Infrastructure\Infrastructure.csproj", "{E175DCEA-B994-4477-8D31-AD80324863CD}"
EndProject
Project("{9A19103F-16F7-4668-BE54-9A1E7A4F7556}") = "Application", "SensorManager\Application\Application.csproj", "{3CCA165A-73B5-4C3D-BF3F-D12B8CC60D32}"
EndProject
Project("{2150E333-8FDC-42A3-9474-1A3956D46DE8}") = "Tests", "Tests\Tests", "{EA221392-CFAE-4815-9DCE-DAE11A665088}"
EndProject
Project("{9A19103F-16F7-4668-BE54-9A1E7A4F7556}") = "Infrastructure.Tests", "Tests\Infrastructure.Tests\Infrastructure.Tests.csproj", "{783F0EA9-91D2-4611-B332-DA4E0328405B}"
EndProject
Project("{9A19103F-16F7-4668-BE54-9A1E7A4F7556}") = "Application.Tests", "Tests\Application.Tests\Application.Tests.csproj", "{9DDF5AF6-A918-484A-A358-F47A8C44A355}"
EndProject
Project("{9A19103F-16F7-4668-BE54-9A1E7A4F7556}") = "Domain.Tests", "Tests\Domain.Tests\Domain.Tests.csproj", "{9185BE6D-6633-4B9E-A1D5-7EDFCDF30049}"
EndProject
Project("{2150E333-8FDC-42A3-9474-1A3956D46DE8}") = "Libraries", "Libraries", "{EFF06B8C-6394-4342-9C4C-AC34C6E6C26C}"
EndProject
Project("{9A19103F-16F7-4668-BE54-9A1E7A4F7556}") = "External.TestPlatform", "Libraries\External.TestPlatform\External.TestPlatform.csproj", "{616F20A2-D4C0-4134-88A0-99AC3931DE86}"
EndProject
Project("{FAE04EC0-301F-11D3-BF4B-00C04F79EFBC}") = "IntegrationTests", "Tests\IntegrationTests\IntegrationTests.csproj", "{163BB235-985A-4C7F-8081-BBA5C49310AC}"
EndProject
Global
	GlobalSection(SolutionConfigurationPlatforms) = preSolution
		Debug|Any CPU = Debug|Any CPU
		Release|Any CPU = Release|Any CPU
	EndGlobalSection
	GlobalSection(ProjectConfigurationPlatforms) = postSolution
		{EC3EF34F-C899-4D14-915B-918241E6C748}.Debug|Any CPU.ActiveCfg = Debug|Any CPU
		{EC3EF34F-C899-4D14-915B-918241E6C748}.Debug|Any CPU.Build.0 = Debug|Any CPU
		{EC3EF34F-C899-4D14-915B-918241E6C748}.Release|Any CPU.ActiveCfg = Release|Any CPU
		{EC3EF34F-C899-4D14-915B-918241E6C748}.Release|Any CPU.Build.0 = Release|Any CPU
		{B9430887-2216-4FC6-97D0-276BC1AE759E}.Debug|Any CPU.ActiveCfg = Debug|Any CPU
		{B9430887-2216-4FC6-97D0-276BC1AE759E}.Debug|Any CPU.Build.0 = Debug|Any CPU
		{B9430887-2216-4FC6-97D0-276BC1AE759E}.Release|Any CPU.ActiveCfg = Release|Any CPU
		{B9430887-2216-4FC6-97D0-276BC1AE759E}.Release|Any CPU.Build.0 = Release|Any CPU
		{E175DCEA-B994-4477-8D31-AD80324863CD}.Debug|Any CPU.ActiveCfg = Debug|Any CPU
		{E175DCEA-B994-4477-8D31-AD80324863CD}.Debug|Any CPU.Build.0 = Debug|Any CPU
		{E175DCEA-B994-4477-8D31-AD80324863CD}.Release|Any CPU.ActiveCfg = Release|Any CPU
		{E175DCEA-B994-4477-8D31-AD80324863CD}.Release|Any CPU.Build.0 = Release|Any CPU
		{3CCA165A-73B5-4C3D-BF3F-D12B8CC60D32}.Debug|Any CPU.ActiveCfg = Debug|Any CPU
		{3CCA165A-73B5-4C3D-BF3F-D12B8CC60D32}.Debug|Any CPU.Build.0 = Debug|Any CPU
		{3CCA165A-73B5-4C3D-BF3F-D12B8CC60D32}.Release|Any CPU.ActiveCfg = Release|Any CPU
		{3CCA165A-73B5-4C3D-BF3F-D12B8CC60D32}.Release|Any CPU.Build.0 = Release|Any CPU
		{783F0EA9-91D2-4611-B332-DA4E0328405B}.Debug|Any CPU.ActiveCfg = Debug|Any CPU
		{783F0EA9-91D2-4611-B332-DA4E0328405B}.Debug|Any CPU.Build.0 = Debug|Any CPU
		{783F0EA9-91D2-4611-B332-DA4E0328405B}.Release|Any CPU.ActiveCfg = Release|Any CPU
		{783F0EA9-91D2-4611-B332-DA4E0328405B}.Release|Any CPU.Build.0 = Release|Any CPU
		{9DDF5AF6-A918-484A-A358-F47A8C44A355}.Debug|Any CPU.ActiveCfg = Debug|Any CPU
		{9DDF5AF6-A918-484A-A358-F47A8C44A355}.Debug|Any CPU.Build.0 = Debug|Any CPU
		{9DDF5AF6-A918-484A-A358-F47A8C44A355}.Release|Any CPU.ActiveCfg = Release|Any CPU
		{9DDF5AF6-A918-484A-A358-F47A8C44A355}.Release|Any CPU.Build.0 = Release|Any CPU
		{9185BE6D-6633-4B9E-A1D5-7EDFCDF30049}.Debug|Any CPU.ActiveCfg = Debug|Any CPU
		{9185BE6D-6633-4B9E-A1D5-7EDFCDF30049}.Debug|Any CPU.Build.0 = Debug|Any CPU
		{9185BE6D-6633-4B9E-A1D5-7EDFCDF30049}.Release|Any CPU.ActiveCfg = Release|Any CPU
		{9185BE6D-6633-4B9E-A1D5-7EDFCDF30049}.Release|Any CPU.Build.0 = Release|Any CPU
		{616F20A2-D4C0-4134-88A0-99AC3931DE86}.Debug|Any CPU.ActiveCfg = Debug|Any CPU
		{616F20A2-D4C0-4134-88A0-99AC3931DE86}.Debug|Any CPU.Build.0 = Debug|Any CPU
		{616F20A2-D4C0-4134-88A0-99AC3931DE86}.Release|Any CPU.ActiveCfg = Release|Any CPU
		{616F20A2-D4C0-4134-88A0-99AC3931DE86}.Release|Any CPU.Build.0 = Release|Any CPU
		{163BB235-985A-4C7F-8081-BBA5C49310AC}.Debug|Any CPU.ActiveCfg = Debug|Any CPU
		{163BB235-985A-4C7F-8081-BBA5C49310AC}.Debug|Any CPU.Build.0 = Debug|Any CPU
		{163BB235-985A-4C7F-8081-BBA5C49310AC}.Release|Any CPU.ActiveCfg = Release|Any CPU
		{163BB235-985A-4C7F-8081-BBA5C49310AC}.Release|Any CPU.Build.0 = Release|Any CPU
	EndGlobalSection
	GlobalSection(SolutionProperties) = preSolution
		HideSolutionNode = FALSE
	EndGlobalSection
	GlobalSection(NestedProjects) = preSolution
		{783F0EA9-91D2-4611-B332-DA4E0328405B} = {EA221392-CFAE-4815-9DCE-DAE11A665088}
		{9DDF5AF6-A918-484A-A358-F47A8C44A355} = {EA221392-CFAE-4815-9DCE-DAE11A665088}
		{9185BE6D-6633-4B9E-A1D5-7EDFCDF30049} = {EA221392-CFAE-4815-9DCE-DAE11A665088}
		{616F20A2-D4C0-4134-88A0-99AC3931DE86} = {EFF06B8C-6394-4342-9C4C-AC34C6E6C26C}
		{163BB235-985A-4C7F-8081-BBA5C49310AC} = {EA221392-CFAE-4815-9DCE-DAE11A665088}
	EndGlobalSection
	GlobalSection(ExtensibilityGlobals) = postSolution
		SolutionGuid = {2BF46DDE-5A2F-4F49-A3CC-DEA3517FB9BF}
	EndGlobalSection
EndGlobal
